PODS:
  - Appirater (2.3.1)
  - SDWebImage (5.10.2):
    - SDWebImage/Core (= 5.10.2)
  - SDWebImage/Core (5.10.2)

DEPENDENCIES:
  - Appirater
  - SDWebImage

SPEC REPOS:
  trunk:
    - Appirater
    - SDWebImage

SPEC CHECKSUMS:
  Appirater: 44a4651f7912a17dc906b655f0c215d5bb768b84
  SDWebImage: b969dcfc02c40a5da71eac0b03b8f1a0c794a86f

PODFILE CHECKSUM: 34adeb08ff33f19ff545e1d55b71f3fdd1864d61

COCOAPODS: 1.10.1
